
Microsoft Visual Studio Solution File, Format Version 12.00
# Visual Studio Version 17
VisualStudioVersion = 17.7.34221.43
MinimumVisualStudioVersion = 10.0.40219.1
Project("{FAE04EC0-301F-11D3-BF4B-00C04F79EFBC}") = "Lab5", "Lab5.csproj", "{7E8A1DCC-B9F0-4D58-8B8E-FCA5242E997D}"
EndProject
Global
	GlobalSection(SolutionConfigurationPlatforms) = preSolution
		Debug|Any CPU = Debug|Any CPU
		Release|Any CPU = Release|Any CPU
	EndGlobalSection
	GlobalSection(ProjectConfigurationPlatforms) = postSolution
		{7E8A1DCC-B9F0-4D58-8B8E-FCA5242E997D}.Debug|Any CPU.ActiveCfg = Debug|Any CPU
		{7E8A1DCC-B9F0-4D58-8B8E-FCA5242E997D}.Debug|Any CPU.Build.0 = Debug|Any CPU
		{7E8A1DCC-B9F0-4D58-8B8E-FCA5242E997D}.Release|Any CPU.ActiveCfg = Release|Any CPU
		{7E8A1DCC-B9F0-4D58-8B8E-FCA5242E997D}.Release|Any CPU.Build.0 = Release|Any CPU
	EndGlobalSection
	GlobalSection(SolutionProperties) = preSolution
		HideSolutionNode = FALSE
	EndGlobalSection
	GlobalSection(ExtensibilityGlobals) = postSolution
		SolutionGuid = {F7090CC0-496B-4BCB-AB60-3725471DCEA6}
	EndGlobalSection
EndGlobal
